
Microsoft Visual Studio Solution File, Format Version 12.00
# Visual Studio Version 17
VisualStudioVersion = 17.3.32901.215
MinimumVisualStudioVersion = 10.0.40219.1
Project("{FAE04EC0-301F-11D3-BF4B-00C04F79EFBC}") = "ToDo_App", "ToDo_App\ToDo_App.csproj", "{67241675-C1B8-488D-96F3-5515849F07C4}"
EndProject
Global
	GlobalSection(SolutionConfigurationPlatforms) = preSolution
		Debug|Any CPU = Debug|Any CPU
		Release|Any CPU = Release|Any CPU
	EndGlobalSection
	GlobalSection(ProjectConfigurationPlatforms) = postSolution
		{67241675-C1B8-488D-96F3-5515849F07C4}.Debug|Any CPU.ActiveCfg = Debug|Any CPU
		{67241675-C1B8-488D-96F3-5515849F07C4}.Debug|Any CPU.Build.0 = Debug|Any CPU
		{67241675-C1B8-488D-96F3-5515849F07C4}.Release|Any CPU.ActiveCfg = Release|Any CPU
		{67241675-C1B8-488D-96F3-5515849F07C4}.Release|Any CPU.Build.0 = Release|Any CPU
	EndGlobalSection
	GlobalSection(SolutionProperties) = preSolution
		HideSolutionNode = FALSE
	EndGlobalSection
	GlobalSection(ExtensibilityGlobals) = postSolution
		SolutionGuid = {E450C557-789D-4201-BCE9-BA55D754DEF7}
	EndGlobalSection
EndGlobal
